Microsoft Visual Studio Solution File, Format Version 12.00
# Visual Studio Version 17
VisualStudioVersion = 17.5.2.0
MinimumVisualStudioVersion = 10.0.40219.1
Project("{FAE04EC0-301F-11D3-BF4B-00C04F79EFBC}") = "VoiceChapter", "VoiceChapter.csproj", "{E57C2831-FB03-A574-FC53-C5BB57FE8534}"
EndProject
Global
	GlobalSection(SolutionConfigurationPlatforms) = preSolution
		Debug|Any CPU = Debug|Any CPU
		Release|Any CPU = Release|Any CPU
	EndGlobalSection
	GlobalSection(ProjectConfigurationPlatforms) = postSolution
		{E57C2831-FB03-A574-FC53-C5BB57FE8534}.Debug|Any CPU.ActiveCfg = Debug|Any CPU
		{E57C2831-FB03-A574-FC53-C5BB57FE8534}.Debug|Any CPU.Build.0 = Debug|Any CPU
		{E57C2831-FB03-A574-FC53-C5BB57FE8534}.Release|Any CPU.ActiveCfg = Release|Any CPU
		{E57C2831-FB03-A574-FC53-C5BB57FE8534}.Release|Any CPU.Build.0 = Release|Any CPU
	EndGlobalSection
	GlobalSection(SolutionProperties) = preSolution
		HideSolutionNode = FALSE
	EndGlobalSection
	GlobalSection(ExtensibilityGlobals) = postSolution
		SolutionGuid = {C788CE02-C230-427C-94AE-38B4276CCF5F}
	EndGlobalSection
EndGlobal
